
Microsoft Visual Studio Solution File, Format Version 12.00
# Visual Studio 15
VisualStudioVersion = 15.0.28307.106
MinimumVisualStudioVersion = 10.0.40219.1
Project("{FAE04EC0-301F-11D3-BF4B-00C04F79EFBC}") = "BattleShipGame", "BattleShipGame.csproj", "{06A0F147-686B-4A8B-ABEE-A2A6C0987EEF}"
EndProject
Global
	GlobalSection(SolutionConfigurationPlatforms) = preSolution
		Debug|Any CPU = Debug|Any CPU
		Release|Any CPU = Release|Any CPU
	EndGlobalSection
	GlobalSection(ProjectConfigurationPlatforms) = postSolution
		{06A0F147-686B-4A8B-ABEE-A2A6C0987EEF}.Debug|Any CPU.ActiveCfg = Debug|Any CPU
		{06A0F147-686B-4A8B-ABEE-A2A6C0987EEF}.Debug|Any CPU.Build.0 = Debug|Any CPU
		{06A0F147-686B-4A8B-ABEE-A2A6C0987EEF}.Release|Any CPU.ActiveCfg = Release|Any CPU
		{06A0F147-686B-4A8B-ABEE-A2A6C0987EEF}.Release|Any CPU.Build.0 = Release|Any CPU
	EndGlobalSection
	GlobalSection(SolutionProperties) = preSolution
		HideSolutionNode = FALSE
	EndGlobalSection
	GlobalSection(ExtensibilityGlobals) = postSolution
		SolutionGuid = {F894C096-ADBE-46D7-A9BD-600A14857395}
	EndGlobalSection
EndGlobal
